
Microsoft Visual Studio Solution File, Format Version 12.00
# Blend for Visual Studio Version 17
VisualStudioVersion = 17.5.33530.505
MinimumVisualStudioVersion = 10.0.40219.1
Project("{FAE04EC0-301F-11D3-BF4B-00C04F79EFBC}") = "NotesTCP", "NotesTCP\NotesTCP.csproj", "{A172FA91-5090-4DCF-8DD9-443BF61BCC53}"
EndProject
Global
	GlobalSection(SolutionConfigurationPlatforms) = preSolution
		Debug|Any CPU = Debug|Any CPU
		Release|Any CPU = Release|Any CPU
	EndGlobalSection
	GlobalSection(ProjectConfigurationPlatforms) = postSolution
		{A172FA91-5090-4DCF-8DD9-443BF61BCC53}.Debug|Any CPU.ActiveCfg = Debug|Any CPU
		{A172FA91-5090-4DCF-8DD9-443BF61BCC53}.Debug|Any CPU.Build.0 = Debug|Any CPU
		{A172FA91-5090-4DCF-8DD9-443BF61BCC53}.Release|Any CPU.ActiveCfg = Release|Any CPU
		{A172FA91-5090-4DCF-8DD9-443BF61BCC53}.Release|Any CPU.Build.0 = Release|Any CPU
	EndGlobalSection
	GlobalSection(SolutionProperties) = preSolution
		HideSolutionNode = FALSE
	EndGlobalSection
	GlobalSection(ExtensibilityGlobals) = postSolution
		SolutionGuid = {9BCDE362-6CB3-4A6D-940C-381B97B0FFF4}
	EndGlobalSection
EndGlobal
